github.com/paulfdunn/go-helper/logh v1.0.5 h1:Vzp82xgy7330a80BLgRzU+KzP4X8MBhHTjjEWn1lBPo=
github.com/paulfdunn/go-helper/logh v1.0.5/go.mod h1:PFr7lZL62H/g6c+3Ym7QJ2dIS8G7Awx+IhmqY1YQg+Q=
golang.org/x/exp v0.0.0-20240314144324-c7f7c6466f7f h1:3CW0unweImhOzd5FmYuRsD4Y4oQFKZIjAnKbjV4WIrw=
golang.org/x/exp v0.0.0-20240314144324-c7f7c6466f7f/go.mod h1:CxmFvTBINI24O/j8iY7H1xHzx2i4OsyguNBmN/uPtqc=
